
Microsoft Visual Studio Solution File, Format Version 12.00
# Visual Studio 15
VisualStudioVersion = 15.0.28307.421
MinimumVisualStudioVersion = 10.0.40219.1
Project("{9A19103F-16F7-4668-BE54-9A1E7A4F7556}") = "Lingva.DataAccessLayer", "Lingva.DataAccessLayer\Lingva.DataAccessLayer.csproj", "{587FA791-3135-48A8-8CED-2AA6A9C459EA}"
EndProject
Project("{9A19103F-16F7-4668-BE54-9A1E7A4F7556}") = "Lingva.BusinessLayer", "Lingva.BusinessLayer\Lingva.BusinessLayer.csproj", "{987C54A5-35B1-4909-AE28-CB49798A9D6C}"
EndProject
Project("{9A19103F-16F7-4668-BE54-9A1E7A4F7556}") = "Lingva.WebAPI", "Lingva.WebAPI\Lingva.WebAPI.csproj", "{A89DFC63-C61F-4981-893F-656C4B9A2F54}"
EndProject
Project("{2150E333-8FDC-42A3-9474-1A3956D46DE8}") = "Web", "Web", "{F854AE86-1D76-434C-8CB4-E669DA4F76A9}"
EndProject
Project("{2150E333-8FDC-42A3-9474-1A3956D46DE8}") = "Test", "Test", "{5B9C10D2-970A-412F-9321-1350D45F342F}"
EndProject
Project("{FAE04EC0-301F-11D3-BF4B-00C04F79EFBC}") = "Lingva.BusinessLayer.UnitTest", "Lingva.BusinessLayer.UnitTest\Lingva.BusinessLayer.UnitTest.csproj", "{6F8516BE-C4AB-4580-B935-9B133EC2A4AF}"
EndProject
Global
	GlobalSection(SolutionConfigurationPlatforms) = preSolution
		Debug|Any CPU = Debug|Any CPU
		Release|Any CPU = Release|Any CPU
	EndGlobalSection
	GlobalSection(ProjectConfigurationPlatforms) = postSolution
		{587FA791-3135-48A8-8CED-2AA6A9C459EA}.Debug|Any CPU.ActiveCfg = Debug|Any CPU
		{587FA791-3135-48A8-8CED-2AA6A9C459EA}.Debug|Any CPU.Build.0 = Debug|Any CPU
		{587FA791-3135-48A8-8CED-2AA6A9C459EA}.Release|Any CPU.ActiveCfg = Release|Any CPU
		{587FA791-3135-48A8-8CED-2AA6A9C459EA}.Release|Any CPU.Build.0 = Release|Any CPU
		{987C54A5-35B1-4909-AE28-CB49798A9D6C}.Debug|Any CPU.ActiveCfg = Debug|Any CPU
		{987C54A5-35B1-4909-AE28-CB49798A9D6C}.Debug|Any CPU.Build.0 = Debug|Any CPU
		{987C54A5-35B1-4909-AE28-CB49798A9D6C}.Release|Any CPU.ActiveCfg = Release|Any CPU
		{987C54A5-35B1-4909-AE28-CB49798A9D6C}.Release|Any CPU.Build.0 = Release|Any CPU
		{A89DFC63-C61F-4981-893F-656C4B9A2F54}.Debug|Any CPU.ActiveCfg = Debug|Any CPU
		{A89DFC63-C61F-4981-893F-656C4B9A2F54}.Debug|Any CPU.Build.0 = Debug|Any CPU
		{A89DFC63-C61F-4981-893F-656C4B9A2F54}.Release|Any CPU.ActiveCfg = Release|Any CPU
		{A89DFC63-C61F-4981-893F-656C4B9A2F54}.Release|Any CPU.Build.0 = Release|Any CPU
		{6F8516BE-C4AB-4580-B935-9B133EC2A4AF}.Debug|Any CPU.ActiveCfg = Debug|Any CPU
		{6F8516BE-C4AB-4580-B935-9B133EC2A4AF}.Debug|Any CPU.Build.0 = Debug|Any CPU
		{6F8516BE-C4AB-4580-B935-9B133EC2A4AF}.Release|Any CPU.ActiveCfg = Release|Any CPU
		{6F8516BE-C4AB-4580-B935-9B133EC2A4AF}.Release|Any CPU.Build.0 = Release|Any CPU
	EndGlobalSection
	GlobalSection(SolutionProperties) = preSolution
		HideSolutionNode = FALSE
	EndGlobalSection
	GlobalSection(NestedProjects) = preSolution
		{A89DFC63-C61F-4981-893F-656C4B9A2F54} = {F854AE86-1D76-434C-8CB4-E669DA4F76A9}
		{6F8516BE-C4AB-4580-B935-9B133EC2A4AF} = {5B9C10D2-970A-412F-9321-1350D45F342F}
	EndGlobalSection
	GlobalSection(ExtensibilityGlobals) = postSolution
		SolutionGuid = {52773F80-9AFD-49EA-9A94-EBC8FBCA9951}
	EndGlobalSection
EndGlobal
